// !$*UTF8*$!
{
	archiveVersion = 1;
	classes = {
	};
	objectVersion = 46;
	objects = {

/* Begin PBXBuildFile section */
		E156F08A1D6C0AC0F47EB331 /* Pods_ProximitySensor.framework in Frameworks */ = {isa = PBXBuildFile; fileRef = 2513535AC4827547C0E47BEB /* Pods_ProximitySensor.framework */; };
		F6C4593B1F06C41300CDCA93 /* AppDelegate.swift in Sources */ = {isa = PBXBuildFile; fileRef = F6C4593A1F06C41300CDCA93 /* AppDelegate.swift */; };
		F6C4593D1F06C41300CDCA93 /* ViewController.swift in Sources */ = {isa = PBXBuildFile; fileRef = F6C4593C1F06C41300CDCA93 /* ViewController.swift */; };
		F6C459401F06C41300CDCA93 /* Main.storyboard in Resources */ = {isa = PBXBuildFile; fileRef = F6C4593E1F06C41300CDCA93 /* Main.storyboard */; };
		F6C459421F06C41300CDCA93 /* Assets.xcassets in Resources */ = {isa = PBXBuildFile; fileRef = F6C459411F06C41300CDCA93 /* Assets.xcassets */; };
		F6C459451F06C41300CDCA93 /* LaunchScreen.storyboard in Resources */ = {isa = PBXBuildFile; fileRef = F6C459431F06C41300CDCA93 /* LaunchScreen.storyboard */; };
		F6C4594D1F06D82600CDCA93 /* GoogleService-Info.plist in Resources */ = {isa = PBXBuildFile; fileRef = F6C4594C1F06D82600CDCA93 /* GoogleService-Info.plist */; };
/* End PBXBuildFile section */

/* Begin PBXFileReference section */
		2513535AC4827547C0E47BEB /* Pods_ProximitySensor.framework */ = {isa = PBXFileReference; explicitFileType = wrapper.framework; includeInIndex = 0; path = Pods_ProximitySensor.framework; sourceTree = BUILT_PRODUCTS_DIR; };
		82E0C02C52FCECF1CD3149FC /* Pods-ProximitySensor.release.xcconfig */ = {isa = PBXFileReference; includeInIndex = 1; lastKnownFileType = text.xcconfig; name = "Pods-ProximitySensor.release.xcconfig"; path = "Pods/Target Support Files/Pods-ProximitySensor/Pods-ProximitySensor.release.xcconfig"; sourceTree = "<group>"; };
		B4929D9002E6F78A5C00666C /* Pods-ProximitySensor.debug.xcconfig */ = {isa = PBXFileReference; includeInIndex = 1; lastKnownFileType = text.xcconfig; name = "Pods-ProximitySensor.debug.xcconfig"; path = "Pods/Target Support Files/Pods-ProximitySensor/Pods-ProximitySensor.debug.xcconfig"; sourceTree = "<group>"; };
		F6C459371F06C41300CDCA93 /* ProximitySensor.app */ = {isa = PBXFileReference; explicitFileType = wrapper.application; includeInIndex = 0; path = ProximitySensor.app; sourceTree = BUILT_PRODUCTS_DIR; };
		F6C4593A1F06C41300CDCA93 /* AppDelegate.swift */ = {isa = PBXFileReference; lastKnownFileType = sourcecode.swift; path = AppDelegate.swift; sourceTree = "<group>"; };
		F6C4593C1F06C41300CDCA93 /* ViewController.swift */ = {isa = PBXFileReference; lastKnownFileType = sourcecode.swift; path = ViewController.swift; sourceTree = "<group>"; };
		F6C4593F1F06C41300CDCA93 /* Base */ = {isa = PBXFileReference; lastKnownFileType = file.storyboard; name = Base; path = Base.lproj/Main.storyboard; sourceTree = "<group>"; };
		F6C459411F06C41300CDCA93 /* Assets.xcassets */ = {isa = PBXFileReference; lastKnownFileType = folder.assetcatalog; path = Assets.xcassets; sourceTree = "<group>"; };
		F6C459441F06C41300CDCA93 /* Base */ = {isa = PBXFileReference; lastKnownFileType = file.storyboard; name = Base; path = Base.lproj/LaunchScreen.storyboard; sourceTree = "<group>"; };
		F6C459461F06C41300CDCA93 /* Info.plist */ = {isa = PBXFileReference; lastKnownFileType = text.plist.xml; path = Info.plist; sourceTree = "<group>"; };
		F6C4594C1F06D82600CDCA93 /* GoogleService-Info.plist */ = {isa = PBXFileReference; fileEncoding = 4; lastKnownFileType = text.plist.xml; path = "GoogleService-Info.plist"; sourceTree = "<group>"; };
/* End PBXFileReference section */

/* Begin PBXFrameworksBuildPhase section */
		F6C459341F06C41300CDCA93 /* Frameworks */ = {
			isa = PBXFrameworksBuildPhase;
			buildActionMask = 2147483647;
			files = (
				E156F08A1D6C0AC0F47EB331 /* Pods_ProximitySensor.framework in Frameworks */,
			);
			runOnlyForDeploymentPostprocessing = 0;
		};
/* End PBXFrameworksBuildPhase section */

/* Begin PBXGroup section */
		CDEAAD49FB90C3AAFD4E793A /* Pods */ = {
			isa = PBXGroup;
			children = (
				B4929D9002E6F78A5C00666C /* Pods-ProximitySensor.debug.xcconfig */,
				82E0C02C52FCECF1CD3149FC /* Pods-ProximitySensor.release.xcconfig */,
			);
			name = Pods;
			sourceTree = "<group>";
		};
		DBC46E883E32B41C4BB6FFAB /* Frameworks */ = {
			isa = PBXGroup;
			children = (
				2513535AC4827547C0E47BEB /* Pods_ProximitySensor.framework */,
			);
			name = Frameworks;
			sourceTree = "<group>";
		};
		F6C4592E1F06C41300CDCA93 = {
			isa = PBXGroup;
			children = (
				F6C459391F06C41300CDCA93 /* ProximitySensor */,
				F6C459381F06C41300CDCA93 /* Products */,
				CDEAAD49FB90C3AAFD4E793A /* Pods */,
				DBC46E883E32B41C4BB6FFAB /* Frameworks */,
			);
			sourceTree = "<group>";
		};
		F6C459381F06C41300CDCA93 /* Products */ = {
			isa = PBXGroup;
			children = (
				F6C459371F06C41300CDCA93 /* ProximitySensor.app */,
			);
			name = Products;
			sourceTree = "<group>";
		};
		F6C459391F06C41300CDCA93 /* ProximitySensor */ = {
			isa = PBXGroup;
			children = (
				F6C4593A1F06C41300CDCA93 /* AppDelegate.swift */,
				F6C4593C1F06C41300CDCA93 /* ViewController.swift */,
				F6C4593E1F06C41300CDCA93 /* Main.storyboard */,
				F6C459411F06C41300CDCA93 /* Assets.xcassets */,
				F6C459431F06C41300CDCA93 /* LaunchScreen.storyboard */,
				F6C459461F06C41300CDCA93 /* Info.plist */,
				F6C4594C1F06D82600CDCA93 /* GoogleService-Info.plist */,
			);
			path = ProximitySensor;
			sourceTree = "<group>";
		};
/* End PBXGroup section */

/* Begin PBXNativeTarget section */
		F6C459361F06C41300CDCA93 /* ProximitySensor */ = {
			isa = PBXNativeTarget;
			buildConfigurationList = F6C459491F06C41300CDCA93 /* Build configuration list for PBXNativeTarget "ProximitySensor" */;
			buildPhases = (
				697D4E6A90E2B11B6EEE7422 /* [CP] Check Pods Manifest.lock */,
				F6C459331F06C41300CDCA93 /* Sources */,
				F6C459341F06C41300CDCA93 /* Frameworks */,
				F6C459351F06C41300CDCA93 /* Resources */,
				1CD43F936B731E2D942B20AD /* [CP] Embed Pods Frameworks */,
				D4B20C7D49E1FEB75B2BC7F5 /* [CP] Copy Pods Resources */,
			);
			buildRules = (
			);
			dependencies = (
			);
			name = ProximitySensor;
			productName = ProximitySensor;
			productReference = F6C459371F06C41300CDCA93 /* ProximitySensor.app */;
			productType = "com.apple.product-type.application";
		};
/* End PBXNativeTarget section */

/* Begin PBXProject section */
		F6C4592F1F06C41300CDCA93 /* Project object */ = {
			isa = PBXProject;
			attributes = {
				LastSwiftUpdateCheck = 0830;
				LastUpgradeCheck = 0830;
				ORGANIZATIONNAME = "Tobias Böttcher";
				TargetAttributes = {
					F6C459361F06C41300CDCA93 = {
						CreatedOnToolsVersion = 8.3.3;
						DevelopmentTeam = P5PK3MY63B;
						ProvisioningStyle = Automatic;
					};
				};
			};
			buildConfigurationList = F6C459321F06C41300CDCA93 /* Build configuration list for PBXProject "ProximitySensor" */;
			compatibilityVersion = "Xcode 3.2";
			developmentRegion = English;
			hasScannedForEncodings = 0;
			knownRegions = (
				en,
				Base,
			);
			mainGroup = F6C4592E1F06C41300CDCA93;
			productRefGroup = F6C459381F06C41300CDCA93 /* Products */;
			projectDirPath = "";
			projectRoot = "";
			targets = (
				F6C459361F06C41300CDCA93 /* ProximitySensor */,
			);
		};
/* End PBXProject section */

/* Begin PBXResourcesBuildPhase section */
		F6C459351F06C41300CDCA93 /* Resources */ = {
			isa = PBXResourcesBuildPhase;
			buildActionMask = 2147483647;
			files = (
				F6C459451F06C41300CDCA93 /* LaunchScreen.storyboard in Resources */,
				F6C4594D1F06D82600CDCA93 /* GoogleService-Info.plist in Resources */,
				F6C459421F06C41300CDCA93 /* Assets.xcassets in Resources */,
				F6C459401F06C41300CDCA93 /* Main.storyboard in Resources */,
			);
			runOnlyForDeploymentPostprocessing = 0;
		};
/* End PBXResourcesBuildPhase section */

/* Begin PBXShellScriptBuildPhase section */
		1CD43F936B731E2D942B20AD /* [CP] Embed Pods Frameworks */ = {
			isa = PBXShellScriptBuildPhase;
			buildActionMask = 2147483647;
			files = (
			);
			inputPaths = (
			);
			name = "[CP] Embed Pods Frameworks";
			outputPaths = (
			);
			runOnlyForDeploymentPostprocessing = 0;
			shellPath = /bin/sh;
			shellScript = "\"${SRCROOT}/Pods/Target Support Files/Pods-ProximitySensor/Pods-ProximitySensor-frameworks.sh\"\n";
			showEnvVarsInLog = 0;
		};
		697D4E6A90E2B11B6EEE7422 /* [CP] Check Pods Manifest.lock */ = {
			isa = PBXShellScriptBuildPhase;
			buildActionMask = 2147483647;
			files = (
			);
			inputPaths = (
			);
			name = "[CP] Check Pods Manifest.lock";
			outputPaths = (
			);
			runOnlyForDeploymentPostprocessing = 0;
			shellPath = /bin/sh;
			shellScript = "diff \"${PODS_PODFILE_DIR_PATH}/Podfile.lock\" \"${PODS_ROOT}/Manifest.lock\" > /dev/null\nif [ $? != 0 ] ; then\n    # print error to STDERR\n    echo \"error: The sandbox is not in sync with the Podfile.lock. Run 'pod install' or update your CocoaPods installation.\" >&2\n    exit 1\nfi\n";
			showEnvVarsInLog = 0;
		};
		D4B20C7D49E1FEB75B2BC7F5 /* [CP] Copy Pods Resources */ = {
			isa = PBXShellScriptBuildPhase;
			buildActionMask = 2147483647;
			files = (
			);
			inputPaths = (
			);
			name = "[CP] Copy Pods Resources";
			outputPaths = (
			);
			runOnlyForDeploymentPostprocessing = 0;
			shellPath = /bin/sh;
			shellScript = "\"${SRCROOT}/Pods/Target Support Files/Pods-ProximitySensor/Pods-ProximitySensor-resources.sh\"\n";
			showEnvVarsInLog = 0;
		};
/* End PBXShellScriptBuildPhase section */

/* Begin PBXSourcesBuildPhase section */
		F6C459331F06C41300CDCA93 /* Sources */ = {
			isa = PBXSourcesBuildPhase;
			buildActionMask = 2147483647;
			files = (
				F6C4593D1F06C41300CDCA93 /* ViewController.swift in Sources */,
				F6C4593B1F06C41300CDCA93 /* AppDelegate.swift in Sources */,
			);
			runOnlyForDeploymentPostprocessing = 0;
		};
/* End PBXSourcesBuildPhase section */

/* Begin PBXVariantGroup section */
		F6C4593E1F06C41300CDCA93 /* Main.storyboard */ = {
			isa = PBXVariantGroup;
			children = (
				F6C4593F1F06C41300CDCA93 /* Base */,
			);
			name = Main.storyboard;
			sourceTree = "<group>";
		};
		F6C459431F06C41300CDCA93 /* LaunchScreen.storyboard */ = {
			isa = PBXVariantGroup;
			children = (
				F6C459441F06C41300CDCA93 /* Base */,
			);
			name = LaunchScreen.storyboard;
			sourceTree = "<group>";
		};
/* End PBXVariantGroup section */

/* Begin XCBuildConfiguration section */
		F6C459471F06C41300CDCA93 /* Debug */ = {
			isa = XCBuildConfiguration;
			buildSettings = {
				ALWAYS_SEARCH_USER_PATHS = NO;
				CLANG_ANALYZER_NONNULL = YES;
				CLANG_ANALYZER_NUMBER_OBJECT_CONVERSION = YES_AGGRESSIVE;
				CLANG_CXX_LANGUAGE_STANDARD = "gnu++0x";
				CLANG_CXX_LIBRARY = "libc++";
				CLANG_ENABLE_MODULES = YES;
				CLANG_ENABLE_OBJC_ARC = YES;
				CLANG_WARN_BOOL_CONVERSION = YES;
				CLANG_WARN_CONSTANT_CONVERSION = YES;
				CLANG_WARN_DIRECT_OBJC_ISA_USAGE = YES_ERROR;
				CLANG_WARN_DOCUMENTATION_COMMENTS = YES;
				CLANG_WARN_EMPTY_BODY = YES;
				CLANG_WARN_ENUM_CONVERSION = YES;
				CLANG_WARN_INFINITE_RECURSION = YES;
				CLANG_WARN_INT_CONVERSION = YES;
				CLANG_WARN_OBJC_ROOT_CLASS = YES_ERROR;
				CLANG_WARN_SUSPICIOUS_MOVE = YES;
				CLANG_WARN_UNREACHABLE_CODE = YES;
				CLANG_WARN__DUPLICATE_METHOD_MATCH = YES;
				"CODE_SIGN_IDENTITY[sdk=iphoneos*]" = "iPhone Developer";
				COPY_PHASE_STRIP = NO;
				DEBUG_INFORMATION_FORMAT = dwarf;
				ENABLE_STRICT_OBJC_MSGSEND = YES;
				ENABLE_TESTABILITY = YES;
				GCC_C_LANGUAGE_STANDARD = gnu99;
				GCC_DYNAMIC_NO_PIC = NO;
				GCC_NO_COMMON_BLOCKS = YES;
				GCC_OPTIMIZATION_LEVEL = 0;
				GCC_PREPROCESSOR_DEFINITIONS = (
					"DEBUG=1",
					"$(inherited)",
				);
				GCC_WARN_64_TO_32_BIT_CONVERSION = YES;
				GCC_WARN_ABOUT_RETURN_TYPE = YES_ERROR;
				GCC_WARN_UNDECLARED_SELECTOR = YES;
				GCC_WARN_UNINITIALIZED_AUTOS = YES_AGGRESSIVE;
				GCC_WARN_UNUSED_FUNCTION = YES;
				GCC_WARN_UNUSED_VARIABLE = YES;
				IPHONEOS_DEPLOYMENT_TARGET = 10.3;
				MTL_ENABLE_DEBUG_INFO = YES;
				ONLY_ACTIVE_ARCH = YES;
				SDKROOT = iphoneos;
				SWIFT_ACTIVE_COMPILATION_CONDITIONS = DEBUG;
				SWIFT_OPTIMIZATION_LEVEL = "-Onone";
			};
			name = Debug;
		};
		F6C459481F06C41300CDCA93 /* Release */ = {
			isa = XCBuildConfiguration;
			buildSettings = {
				ALWAYS_SEARCH_USER_PATHS = NO;
				CLANG_ANALYZER_NONNULL = YES;
				CLANG_ANALYZER_NUMBER_OBJECT_CONVERSION = YES_AGGRESSIVE;
				CLANG_CXX_LANGUAGE_STANDARD = "gnu++0x";
				CLANG_CXX_LIBRARY = "libc++";
				CLANG_ENABLE_MODULES = YES;
				CLANG_ENABLE_OBJC_ARC = YES;
				CLANG_WARN_BOOL_CONVERSION = YES;
				CLANG_WARN_CONSTANT_CONVERSION = YES;
				CLANG_WARN_DIRECT_OBJC_ISA_USAGE = YES_ERROR;
				CLANG_WARN_DOCUMENTATION_COMMENTS = YES;
				CLANG_WARN_EMPTY_BODY = YES;
				CLANG_WARN_ENUM_CONVERSION = YES;
				CLANG_WARN_INFINITE_RECURSION = YES;
				CLANG_WARN_INT_CONVERSION = YES;
				CLANG_WARN_OBJC_ROOT_CLASS = YES_ERROR;
				CLANG_WARN_SUSPICIOUS_MOVE = YES;
				CLANG_WARN_UNREACHABLE_CODE = YES;
				CLANG_WARN__DUPLICATE_METHOD_MATCH = YES;
				"CODE_SIGN_IDENTITY[sdk=iphoneos*]" = "iPhone Developer";
				COPY_PHASE_STRIP = NO;
				DEBUG_INFORMATION_FORMAT = "dwarf-with-dsym";
				ENABLE_NS_ASSERTIONS = NO;
				ENABLE_STRICT_OBJC_MSGSEND = YES;
				GCC_C_LANGUAGE_STANDARD = gnu99;
				GCC_NO_COMMON_BLOCKS = YES;
				GCC_WARN_64_TO_32_BIT_CONVERSION = YES;
				GCC_WARN_ABOUT_RETURN_TYPE = YES_ERROR;
				GCC_WARN_UNDECLARED_SELECTOR = YES;
				GCC_WARN_UNINITIALIZED_AUTOS = YES_AGGRESSIVE;
				GCC_WARN_UNUSED_FUNCTION = YES;
				GCC_WARN_UNUSED_VARIABLE = YES;
				IPHONEOS_DEPLOYMENT_TARGET = 10.3;
				MTL_ENABLE_DEBUG_INFO = NO;
				SDKROOT = iphoneos;
				SWIFT_OPTIMIZATION_LEVEL = "-Owholemodule";
				VALIDATE_PRODUCT = YES;
			};
			name = Release;
		};
		F6C4594A1F06C41300CDCA93 /* Debug */ = {
			isa = XCBuildConfiguration;
			baseConfigurationReference = B4929D9002E6F78A5C00666C /* Pods-ProximitySensor.debug.xcconfig */;
			buildSettings = {
				ASSETCATALOG_COMPILER_APPICON_NAME = AppIcon;
				DEVELOPMENT_TEAM = P5PK3MY63B;
				INFOPLIST_FILE = ProximitySensor/Info.plist;
				LD_RUNPATH_SEARCH_PATHS = "$(inherited) @executable_path/Frameworks";
				PRODUCT_BUNDLE_IDENTIFIER = de.boettcher.tobias.ProximitySensor;
				PRODUCT_NAME = "$(TARGET_NAME)";
				SWIFT_VERSION = 3.0;
			};
			name = Debug;
		};
		F6C4594B1F06C41300CDCA93 /* Release */ = {
			isa = XCBuildConfiguration;
			baseConfigurationReference = 82E0C02C52FCECF1CD3149FC /* Pods-ProximitySensor.release.xcconfig */;
			buildSettings = {
				ASSETCATALOG_COMPILER_APPICON_NAME = AppIcon;
				DEVELOPMENT_TEAM = P5PK3MY63B;
				INFOPLIST_FILE = ProximitySensor/Info.plist;
				LD_RUNPATH_SEARCH_PATHS = "$(inherited) @executable_path/Frameworks";
				PRODUCT_BUNDLE_IDENTIFIER = de.boettcher.tobias.ProximitySensor;
				PRODUCT_NAME = "$(TARGET_NAME)";
				SWIFT_VERSION = 3.0;
			};
			name = Release;
		};
/* End XCBuildConfiguration section */

/* Begin XCConfigurationList section */
		F6C459321F06C41300CDCA93 /* Build configuration list for PBXProject "ProximitySensor" */ = {
			isa = XCConfigurationList;
			buildConfigurations = (
				F6C459471F06C41300CDCA93 /* Debug */,
				F6C459481F06C41300CDCA93 /* Release */,
			);
			defaultConfigurationIsVisible = 0;
			defaultConfigurationName = Release;
		};
		F6C459491F06C41300CDCA93 /* Build configuration list for PBXNativeTarget "ProximitySensor" */ = {
			isa = XCConfigurationList;
			buildConfigurations = (
				F6C4594A1F06C41300CDCA93 /* Debug */,
				F6C4594B1F06C41300CDCA93 /* Release */,
			);
			defaultConfigurationIsVisible = 0;
			defaultConfigurationName = Release;
		};
/* End XCConfigurationList section */
	};
	rootObject = F6C4592F1F06C41300CDCA93 /* Project object */;
}
